
Microsoft Visual Studio Solution File, Format Version 12.00
# Visual Studio Version 17
VisualStudioVersion = 17.14.37012.4 d17.14
MinimumVisualStudioVersion = 10.0.40219.1
Project("{FAE04EC0-301F-11D3-BF4B-00C04F79EFBC}") = "WindbellTank", "WindbellTank\WindbellTank.csproj", "{2C81760B-C13E-4B91-BAA8-8982FDF2AA3A}"
EndProject
Global
	GlobalSection(SolutionConfigurationPlatforms) = preSolution
		Debug|Any CPU = Debug|Any CPU
		Release|Any CPU = Release|Any CPU
	EndGlobalSection
	GlobalSection(ProjectConfigurationPlatforms) = postSolution
		{2C81760B-C13E-4B91-BAA8-8982FDF2AA3A}.Debug|Any CPU.ActiveCfg = Debug|Any CPU
		{2C81760B-C13E-4B91-BAA8-8982FDF2AA3A}.Debug|Any CPU.Build.0 = Debug|Any CPU
		{2C81760B-C13E-4B91-BAA8-8982FDF2AA3A}.Release|Any CPU.ActiveCfg = Release|Any CPU
		{2C81760B-C13E-4B91-BAA8-8982FDF2AA3A}.Release|Any CPU.Build.0 = Release|Any CPU
	EndGlobalSection
	GlobalSection(SolutionProperties) = preSolution
		HideSolutionNode = FALSE
	EndGlobalSection
	GlobalSection(ExtensibilityGlobals) = postSolution
		SolutionGuid = {B3FF90F2-CEA2-424C-BBC5-DAA094A377C8}
	EndGlobalSection
EndGlobal
